
Microsoft Visual Studio Solution File, Format Version 12.00
# Visual Studio Version 16
VisualStudioVersion = 16.0.31613.86
MinimumVisualStudioVersion = 10.0.40219.1
Project("{FAE04EC0-301F-11D3-BF4B-00C04F79EFBC}") = "AnimatedSprites", "AnimatedSprites.csproj", "{76824B75-C162-4ECD-8CB5-AD5A4C64485F}"
EndProject
Global
	GlobalSection(SolutionConfigurationPlatforms) = preSolution
		Debug|x86 = Debug|x86
		Release|x86 = Release|x86
	EndGlobalSection
	GlobalSection(ProjectConfigurationPlatforms) = postSolution
		{76824B75-C162-4ECD-8CB5-AD5A4C64485F}.Debug|x86.ActiveCfg = Debug|x86
		{76824B75-C162-4ECD-8CB5-AD5A4C64485F}.Debug|x86.Build.0 = Debug|x86
		{76824B75-C162-4ECD-8CB5-AD5A4C64485F}.Release|x86.ActiveCfg = Release|x86
		{76824B75-C162-4ECD-8CB5-AD5A4C64485F}.Release|x86.Build.0 = Release|x86
	EndGlobalSection
	GlobalSection(SolutionProperties) = preSolution
		HideSolutionNode = FALSE
	EndGlobalSection
	GlobalSection(ExtensibilityGlobals) = postSolution
		SolutionGuid = {841F703B-30D9-4B09-A9FB-BEFCE3144849}
	EndGlobalSection
EndGlobal
